{
    "name": "py2pyd",
    "version": "0.1",
    "lockfileVersion": 3,
    "requires": true,
    "packages": {
        "": {
            "name": "py2pyd",
            "version": "0.1",
            "license": "MIT",
            "dependencies": {
                "castj2py": "file:",
                "py2pyd": "file:"
            }
        },
        "node_modules/castj2py": {
            "resolved": "",
            "link": true
        },
        "node_modules/py2pyd": {
            "resolved": "",
            "link": true
        }
    }
}
